
Microsoft Visual Studio Solution File, Format Version 12.00
# Visual Studio Version 17
VisualStudioVersion = 17.11.35312.102
MinimumVisualStudioVersion = 10.0.40219.1
Project("{FAE04EC0-301F-11D3-BF4B-00C04F79EFBC}") = "Server", "SnakeServer\Server.csproj", "{4449D925-C861-43AC-BFEB-43E790CAB0EA}"
EndProject
Project("{FAE04EC0-301F-11D3-BF4B-00C04F79EFBC}") = "Client", "SnakeClient\Client.csproj", "{D6341B97-CC25-4693-8EBF-440F60E9139E}"
EndProject
Project("{FAE04EC0-301F-11D3-BF4B-00C04F79EFBC}") = "Common", "Common\Common.csproj", "{D432A006-12FD-41F3-B824-7ED25EB8B7BB}"
EndProject
Global
	GlobalSection(SolutionConfigurationPlatforms) = preSolution
		Debug|Any CPU = Debug|Any CPU
		Release|Any CPU = Release|Any CPU
	EndGlobalSection
	GlobalSection(ProjectConfigurationPlatforms) = postSolution
		{4449D925-C861-43AC-BFEB-43E790CAB0EA}.Debug|Any CPU.ActiveCfg = Debug|Any CPU
		{4449D925-C861-43AC-BFEB-43E790CAB0EA}.Debug|Any CPU.Build.0 = Debug|Any CPU
		{4449D925-C861-43AC-BFEB-43E790CAB0EA}.Release|Any CPU.ActiveCfg = Release|Any CPU
		{4449D925-C861-43AC-BFEB-43E790CAB0EA}.Release|Any CPU.Build.0 = Release|Any CPU
		{D6341B97-CC25-4693-8EBF-440F60E9139E}.Debug|Any CPU.ActiveCfg = Debug|Any CPU
		{D6341B97-CC25-4693-8EBF-440F60E9139E}.Debug|Any CPU.Build.0 = Debug|Any CPU
		{D6341B97-CC25-4693-8EBF-440F60E9139E}.Release|Any CPU.ActiveCfg = Release|Any CPU
		{D6341B97-CC25-4693-8EBF-440F60E9139E}.Release|Any CPU.Build.0 = Release|Any CPU
		{D432A006-12FD-41F3-B824-7ED25EB8B7BB}.Debug|Any CPU.ActiveCfg = Debug|Any CPU
		{D432A006-12FD-41F3-B824-7ED25EB8B7BB}.Debug|Any CPU.Build.0 = Debug|Any CPU
		{D432A006-12FD-41F3-B824-7ED25EB8B7BB}.Release|Any CPU.ActiveCfg = Release|Any CPU
		{D432A006-12FD-41F3-B824-7ED25EB8B7BB}.Release|Any CPU.Build.0 = Release|Any CPU
	EndGlobalSection
	GlobalSection(SolutionProperties) = preSolution
		HideSolutionNode = FALSE
	EndGlobalSection
	GlobalSection(ExtensibilityGlobals) = postSolution
		SolutionGuid = {F1E3A18C-30D3-46E5-AF29-209570DB7A72}
	EndGlobalSection
EndGlobal
